// !$*UTF8*$!
{
	archiveVersion = 1;
	classes = {
	};
	objectVersion = 50;
	objects = {

/* Begin PBXBuildFile section */
		741918D0250F3029002C09BA /* TimeOfDay.swift in Sources */ = {isa = PBXBuildFile; fileRef = 741918CF250F3029002C09BA /* TimeOfDay.swift */; };
		741918D2250FA16F002C09BA /* DateService.swift in Sources */ = {isa = PBXBuildFile; fileRef = 741918D1250FA16F002C09BA /* DateService.swift */; };
		74383C6F24F0289B00F29908 /* Localizable.strings in Resources */ = {isa = PBXBuildFile; fileRef = 74383C7124F0289B00F29908 /* Localizable.strings */; };
		744F49F42502232100B051D6 /* Constraints.swift in Sources */ = {isa = PBXBuildFile; fileRef = 744F49F32502232100B051D6 /* Constraints.swift */; };
		744F49F62502242400B051D6 /* WeatherViewController.storyboard in Resources */ = {isa = PBXBuildFile; fileRef = 744F49F52502242400B051D6 /* WeatherViewController.storyboard */; };
		744F4A18250B510000B051D6 /* IBExtension.swift in Sources */ = {isa = PBXBuildFile; fileRef = 744F4A17250B510000B051D6 /* IBExtension.swift */; };
		7457BB4824EC52D3004693A5 /* AppDelegate.swift in Sources */ = {isa = PBXBuildFile; fileRef = 7457BB4724EC52D3004693A5 /* AppDelegate.swift */; };
		7457BB4A24EC52D3004693A5 /* SceneDelegate.swift in Sources */ = {isa = PBXBuildFile; fileRef = 7457BB4924EC52D3004693A5 /* SceneDelegate.swift */; };
		7457BB4C24EC52D3004693A5 /* DayList.swift in Sources */ = {isa = PBXBuildFile; fileRef = 7457BB4B24EC52D3004693A5 /* DayList.swift */; };
		7457BB4F24EC52D3004693A5 /* DayList.storyboard in Resources */ = {isa = PBXBuildFile; fileRef = 7457BB4D24EC52D3004693A5 /* DayList.storyboard */; };
		7457BB5124EC52D6004693A5 /* Assets.xcassets in Resources */ = {isa = PBXBuildFile; fileRef = 7457BB5024EC52D6004693A5 /* Assets.xcassets */; };
		7457BB5424EC52D6004693A5 /* LaunchScreen.storyboard in Resources */ = {isa = PBXBuildFile; fileRef = 7457BB5224EC52D6004693A5 /* LaunchScreen.storyboard */; };
		7457BB5D24EC5596004693A5 /* DayCell.swift in Sources */ = {isa = PBXBuildFile; fileRef = 7457BB5B24EC5596004693A5 /* DayCell.swift */; };
		7457BB5E24EC5596004693A5 /* DayCell.xib in Resources */ = {isa = PBXBuildFile; fileRef = 7457BB5C24EC5596004693A5 /* DayCell.xib */; };
		7457BB6424ED3CE1004693A5 /* NetworkService.swift in Sources */ = {isa = PBXBuildFile; fileRef = 7457BB6324ED3CE1004693A5 /* NetworkService.swift */; };
		7457BB6624ED3D41004693A5 /* NetworkServiceError.swift in Sources */ = {isa = PBXBuildFile; fileRef = 7457BB6524ED3D41004693A5 /* NetworkServiceError.swift */; };
		7457BB6824ED428E004693A5 /* DecodeService.swift in Sources */ = {isa = PBXBuildFile; fileRef = 7457BB6724ED428E004693A5 /* DecodeService.swift */; };
		7457BB6A24ED42D7004693A5 /* ErrorAlertService.swift in Sources */ = {isa = PBXBuildFile; fileRef = 7457BB6924ED42D7004693A5 /* ErrorAlertService.swift */; };
		7457BB6D24ED4FA2004693A5 /* WeekForecast.swift in Sources */ = {isa = PBXBuildFile; fileRef = 7457BB6C24ED4FA2004693A5 /* WeekForecast.swift */; };
		7457BB6F24ED5C00004693A5 /* WeekForecastService.swift in Sources */ = {isa = PBXBuildFile; fileRef = 7457BB6E24ED5C00004693A5 /* WeekForecastService.swift */; };
		745D592724F5531C00B75C46 /* NewDayCell.xib in Resources */ = {isa = PBXBuildFile; fileRef = 745D592624F5531C00B75C46 /* NewDayCell.xib */; };
		745D592924F5A6CF00B75C46 /* DownloadService.swift in Sources */ = {isa = PBXBuildFile; fileRef = 745D592824F5A6CF00B75C46 /* DownloadService.swift */; };
		745D592D24F675C700B75C46 /* Localizable.strings in Resources */ = {isa = PBXBuildFile; fileRef = 745D592F24F675C700B75C46 /* Localizable.strings */; };
		745D593324F6D76A00B75C46 /* Localizable.strings in Resources */ = {isa = PBXBuildFile; fileRef = 745D593524F6D76A00B75C46 /* Localizable.strings */; };
		74653DBD251B807E00550A1C /* ColorSchemes.swift in Sources */ = {isa = PBXBuildFile; fileRef = 74653DBC251B807E00550A1C /* ColorSchemes.swift */; };
		74A53E4C24EEAC7F00D27942 /* LocalizedStrings.swift in Sources */ = {isa = PBXBuildFile; fileRef = 74A53E4B24EEAC7F00D27942 /* LocalizedStrings.swift */; };
		74A53E4E24EEAFF800D27942 /* AppConstants.swift in Sources */ = {isa = PBXBuildFile; fileRef = 74A53E4D24EEAFF800D27942 /* AppConstants.swift */; };
		74A53E5224EFBD6100D27942 /* LocationErrorService.swift in Sources */ = {isa = PBXBuildFile; fileRef = 74A53E5124EFBD6100D27942 /* LocationErrorService.swift */; };
		74A53E5624F005D800D27942 /* ImageDownloader.swift in Sources */ = {isa = PBXBuildFile; fileRef = 74A53E5524F005D700D27942 /* ImageDownloader.swift */; };
		74B2FD7E24FD2D64005BA215 /* CoreDataManager.swift in Sources */ = {isa = PBXBuildFile; fileRef = 74B2FD7D24FD2D64005BA215 /* CoreDataManager.swift */; };
		74B2FD8124FD2EC6005BA215 /* DayForecastMO+CoreDataClass.swift in Sources */ = {isa = PBXBuildFile; fileRef = 74B2FD8024FD2EC6005BA215 /* DayForecastMO+CoreDataClass.swift */; };
		74B2FD8324FD2F06005BA215 /* DayForecastMO+CoreDataProperties.swift in Sources */ = {isa = PBXBuildFile; fileRef = 74B2FD8224FD2F06005BA215 /* DayForecastMO+CoreDataProperties.swift */; };
		74B2FD8524FD2F81005BA215 /* TempMO+CoreDataClass.swift in Sources */ = {isa = PBXBuildFile; fileRef = 74B2FD8424FD2F81005BA215 /* TempMO+CoreDataClass.swift */; };
		74B2FD8724FD2FA8005BA215 /* TempMO+CoreDataProperties.swift in Sources */ = {isa = PBXBuildFile; fileRef = 74B2FD8624FD2FA8005BA215 /* TempMO+CoreDataProperties.swift */; };
		74B2FD8924FD3008005BA215 /* WeatherMO+CoreDataClass.swift in Sources */ = {isa = PBXBuildFile; fileRef = 74B2FD8824FD3008005BA215 /* WeatherMO+CoreDataClass.swift */; };
		74B2FD8B24FD302F005BA215 /* WeatherMO+CoreDataProperties.swift in Sources */ = {isa = PBXBuildFile; fileRef = 74B2FD8A24FD302F005BA215 /* WeatherMO+CoreDataProperties.swift */; };
		74B2FD8E24FD30B6005BA215 /* WeekWeather.xcdatamodeld in Sources */ = {isa = PBXBuildFile; fileRef = 74B2FD8C24FD30B6005BA215 /* WeekWeather.xcdatamodeld */; };
		74B2FDB9250135A8005BA215 /* WeatherViewController.swift in Sources */ = {isa = PBXBuildFile; fileRef = 74B2FDB8250135A8005BA215 /* WeatherViewController.swift */; };
/* End PBXBuildFile section */

/* Begin PBXFileReference section */
		741918CF250F3029002C09BA /* TimeOfDay.swift */ = {isa = PBXFileReference; lastKnownFileType = sourcecode.swift; path = TimeOfDay.swift; sourceTree = "<group>"; };
		741918D1250FA16F002C09BA /* DateService.swift */ = {isa = PBXFileReference; lastKnownFileType = sourcecode.swift; path = DateService.swift; sourceTree = "<group>"; };
		74383C6C24F0281000F29908 /* ru */ = {isa = PBXFileReference; lastKnownFileType = text.plist.strings; name = ru; path = ru.lproj/DayList.strings; sourceTree = "<group>"; };
		744F49F32502232100B051D6 /* Constraints.swift */ = {isa = PBXFileReference; lastKnownFileType = sourcecode.swift; path = Constraints.swift; sourceTree = "<group>"; };
		744F49F52502242400B051D6 /* WeatherViewController.storyboard */ = {isa = PBXFileReference; lastKnownFileType = file.storyboard; path = WeatherViewController.storyboard; sourceTree = "<group>"; };
		744F4A17250B510000B051D6 /* IBExtension.swift */ = {isa = PBXFileReference; lastKnownFileType = sourcecode.swift; path = IBExtension.swift; sourceTree = "<group>"; };
		7457BB4424EC52D3004693A5 /* WeekWeather.app */ = {isa = PBXFileReference; explicitFileType = wrapper.application; includeInIndex = 0; path = WeekWeather.app; sourceTree = BUILT_PRODUCTS_DIR; };
		7457BB4724EC52D3004693A5 /* AppDelegate.swift */ = {isa = PBXFileReference; lastKnownFileType = sourcecode.swift; path = AppDelegate.swift; sourceTree = "<group>"; };
		7457BB4924EC52D3004693A5 /* SceneDelegate.swift */ = {isa = PBXFileReference; lastKnownFileType = sourcecode.swift; path = SceneDelegate.swift; sourceTree = "<group>"; };
		7457BB4B24EC52D3004693A5 /* DayList.swift */ = {isa = PBXFileReference; lastKnownFileType = sourcecode.swift; path = DayList.swift; sourceTree = "<group>"; };
		7457BB4E24EC52D3004693A5 /* Base */ = {isa = PBXFileReference; lastKnownFileType = file.storyboard; name = Base; path = Base.lproj/DayList.storyboard; sourceTree = "<group>"; };
		7457BB5024EC52D6004693A5 /* Assets.xcassets */ = {isa = PBXFileReference; lastKnownFileType = folder.assetcatalog; path = Assets.xcassets; sourceTree = "<group>"; };
		7457BB5324EC52D6004693A5 /* Base */ = {isa = PBXFileReference; lastKnownFileType = file.storyboard; name = Base; path = Base.lproj/LaunchScreen.storyboard; sourceTree = "<group>"; };
		7457BB5524EC52D6004693A5 /* Info.plist */ = {isa = PBXFileReference; lastKnownFileType = text.plist.xml; path = Info.plist; sourceTree = "<group>"; };
		7457BB5B24EC5596004693A5 /* DayCell.swift */ = {isa = PBXFileReference; lastKnownFileType = sourcecode.swift; path = DayCell.swift; sourceTree = "<group>"; };
		7457BB5C24EC5596004693A5 /* DayCell.xib */ = {isa = PBXFileReference; lastKnownFileType = file.xib; path = DayCell.xib; sourceTree = "<group>"; };
		7457BB6324ED3CE1004693A5 /* NetworkService.swift */ = {isa = PBXFileReference; lastKnownFileType = sourcecode.swift; path = NetworkService.swift; sourceTree = "<group>"; };
		7457BB6524ED3D41004693A5 /* NetworkServiceError.swift */ = {isa = PBXFileReference; lastKnownFileType = sourcecode.swift; path = NetworkServiceError.swift; sourceTree = "<group>"; };
		7457BB6724ED428E004693A5 /* DecodeService.swift */ = {isa = PBXFileReference; lastKnownFileType = sourcecode.swift; path = DecodeService.swift; sourceTree = "<group>"; };
		7457BB6924ED42D7004693A5 /* ErrorAlertService.swift */ = {isa = PBXFileReference; lastKnownFileType = sourcecode.swift; path = ErrorAlertService.swift; sourceTree = "<group>"; };
		7457BB6C24ED4FA2004693A5 /* WeekForecast.swift */ = {isa = PBXFileReference; lastKnownFileType = sourcecode.swift; path = WeekForecast.swift; sourceTree = "<group>"; };
		7457BB6E24ED5C00004693A5 /* WeekForecastService.swift */ = {isa = PBXFileReference; lastKnownFileType = sourcecode.swift; path = WeekForecastService.swift; sourceTree = "<group>"; };
		745D592624F5531C00B75C46 /* NewDayCell.xib */ = {isa = PBXFileReference; lastKnownFileType = file.xib; path = NewDayCell.xib; sourceTree = "<group>"; };
		745D592824F5A6CF00B75C46 /* DownloadService.swift */ = {isa = PBXFileReference; lastKnownFileType = sourcecode.swift; path = DownloadService.swift; sourceTree = "<group>"; };
		745D592A24F6750B00B75C46 /* en */ = {isa = PBXFileReference; lastKnownFileType = text.plist.strings; name = en; path = en.lproj/Localizable.strings; sourceTree = "<group>"; };
		745D592E24F675C700B75C46 /* ru */ = {isa = PBXFileReference; lastKnownFileType = text.plist.strings; name = ru; path = ru.lproj/Localizable.strings; sourceTree = "<group>"; };
		745D593024F6D73F00B75C46 /* de */ = {isa = PBXFileReference; lastKnownFileType = text.plist.strings; name = de; path = de.lproj/DayList.strings; sourceTree = "<group>"; };
		745D593424F6D76A00B75C46 /* de */ = {isa = PBXFileReference; lastKnownFileType = text.plist.strings; name = de; path = de.lproj/Localizable.strings; sourceTree = "<group>"; };
		74653DBC251B807E00550A1C /* ColorSchemes.swift */ = {isa = PBXFileReference; lastKnownFileType = sourcecode.swift; path = ColorSchemes.swift; sourceTree = "<group>"; };
		74A53E4B24EEAC7F00D27942 /* LocalizedStrings.swift */ = {isa = PBXFileReference; lastKnownFileType = sourcecode.swift; path = LocalizedStrings.swift; sourceTree = "<group>"; };
		74A53E4D24EEAFF800D27942 /* AppConstants.swift */ = {isa = PBXFileReference; lastKnownFileType = sourcecode.swift; path = AppConstants.swift; sourceTree = "<group>"; };
		74A53E5124EFBD6100D27942 /* LocationErrorService.swift */ = {isa = PBXFileReference; lastKnownFileType = sourcecode.swift; path = LocationErrorService.swift; sourceTree = "<group>"; };
		74A53E5524F005D700D27942 /* ImageDownloader.swift */ = {isa = PBXFileReference; lastKnownFileType = sourcecode.swift; path = ImageDownloader.swift; sourceTree = "<group>"; };
		74B2FD7D24FD2D64005BA215 /* CoreDataManager.swift */ = {isa = PBXFileReference; lastKnownFileType = sourcecode.swift; path = CoreDataManager.swift; sourceTree = "<group>"; };
		74B2FD8024FD2EC6005BA215 /* DayForecastMO+CoreDataClass.swift */ = {isa = PBXFileReference; lastKnownFileType = sourcecode.swift; path = "DayForecastMO+CoreDataClass.swift"; sourceTree = "<group>"; };
		74B2FD8224FD2F06005BA215 /* DayForecastMO+CoreDataProperties.swift */ = {isa = PBXFileReference; lastKnownFileType = sourcecode.swift; path = "DayForecastMO+CoreDataProperties.swift"; sourceTree = "<group>"; };
		74B2FD8424FD2F81005BA215 /* TempMO+CoreDataClass.swift */ = {isa = PBXFileReference; lastKnownFileType = sourcecode.swift; path = "TempMO+CoreDataClass.swift"; sourceTree = "<group>"; };
		74B2FD8624FD2FA8005BA215 /* TempMO+CoreDataProperties.swift */ = {isa = PBXFileReference; lastKnownFileType = sourcecode.swift; path = "TempMO+CoreDataProperties.swift"; sourceTree = "<group>"; };
		74B2FD8824FD3008005BA215 /* WeatherMO+CoreDataClass.swift */ = {isa = PBXFileReference; lastKnownFileType = sourcecode.swift; path = "WeatherMO+CoreDataClass.swift"; sourceTree = "<group>"; };
		74B2FD8A24FD302F005BA215 /* WeatherMO+CoreDataProperties.swift */ = {isa = PBXFileReference; lastKnownFileType = sourcecode.swift; path = "WeatherMO+CoreDataProperties.swift"; sourceTree = "<group>"; };
		74B2FD8D24FD30B6005BA215 /* WeekWeather.xcdatamodel */ = {isa = PBXFileReference; lastKnownFileType = wrapper.xcdatamodel; path = WeekWeather.xcdatamodel; sourceTree = "<group>"; };
		74B2FDB8250135A8005BA215 /* WeatherViewController.swift */ = {isa = PBXFileReference; lastKnownFileType = sourcecode.swift; path = WeatherViewController.swift; sourceTree = "<group>"; };
/* End PBXFileReference section */

/* Begin PBXFrameworksBuildPhase section */
		7457BB4124EC52D3004693A5 /* Frameworks */ = {
			isa = PBXFrameworksBuildPhase;
			buildActionMask = 2147483647;
			files = (
			);
			runOnlyForDeploymentPostprocessing = 0;
		};
/* End PBXFrameworksBuildPhase section */

/* Begin PBXGroup section */
		744F49F22502230600B051D6 /* Helpers */ = {
			isa = PBXGroup;
			children = (
				744F49F32502232100B051D6 /* Constraints.swift */,
				744F4A17250B510000B051D6 /* IBExtension.swift */,
			);
			path = Helpers;
			sourceTree = "<group>";
		};
		7457BB3B24EC52D3004693A5 = {
			isa = PBXGroup;
			children = (
				74B2FD8C24FD30B6005BA215 /* WeekWeather.xcdatamodeld */,
				745D593524F6D76A00B75C46 /* Localizable.strings */,
				74383C7124F0289B00F29908 /* Localizable.strings */,
				745D592F24F675C700B75C46 /* Localizable.strings */,
				7457BB4624EC52D3004693A5 /* WeekWeather */,
				7457BB4524EC52D3004693A5 /* Products */,
			);
			sourceTree = "<group>";
		};
		7457BB4524EC52D3004693A5 /* Products */ = {
			isa = PBXGroup;
			children = (
				7457BB4424EC52D3004693A5 /* WeekWeather.app */,
			);
			name = Products;
			sourceTree = "<group>";
		};
		7457BB4624EC52D3004693A5 /* WeekWeather */ = {
			isa = PBXGroup;
			children = (
				744F49F22502230600B051D6 /* Helpers */,
				7457BB4724EC52D3004693A5 /* AppDelegate.swift */,
				7457BB4924EC52D3004693A5 /* SceneDelegate.swift */,
				7457BB5F24ED33DA004693A5 /* Scene */,
				7457BB6224ED365A004693A5 /* Services */,
				7457BB6B24ED4F62004693A5 /* Model */,
				74A53E4A24EEAC5000D27942 /* Constants */,
				7457BB5024EC52D6004693A5 /* Assets.xcassets */,
				7457BB5224EC52D6004693A5 /* LaunchScreen.storyboard */,
				7457BB5524EC52D6004693A5 /* Info.plist */,
			);
			path = WeekWeather;
			sourceTree = "<group>";
		};
		7457BB5F24ED33DA004693A5 /* Scene */ = {
			isa = PBXGroup;
			children = (
				74B2FDB725013534005BA215 /* WeatherVC */,
				7457BB6124ED3421004693A5 /* DayList */,
			);
			path = Scene;
			sourceTree = "<group>";
		};
		7457BB6024ED33E3004693A5 /* View */ = {
			isa = PBXGroup;
			children = (
				7457BB5B24EC5596004693A5 /* DayCell.swift */,
				7457BB5C24EC5596004693A5 /* DayCell.xib */,
				745D592624F5531C00B75C46 /* NewDayCell.xib */,
			);
			path = View;
			sourceTree = "<group>";
		};
		7457BB6124ED3421004693A5 /* DayList */ = {
			isa = PBXGroup;
			children = (
				7457BB4B24EC52D3004693A5 /* DayList.swift */,
				7457BB4D24EC52D3004693A5 /* DayList.storyboard */,
				7457BB6024ED33E3004693A5 /* View */,
			);
			path = DayList;
			sourceTree = "<group>";
		};
		7457BB6224ED365A004693A5 /* Services */ = {
			isa = PBXGroup;
			children = (
				7457BB6324ED3CE1004693A5 /* NetworkService.swift */,
				7457BB6E24ED5C00004693A5 /* WeekForecastService.swift */,
				7457BB6724ED428E004693A5 /* DecodeService.swift */,
				7457BB6524ED3D41004693A5 /* NetworkServiceError.swift */,
				7457BB6924ED42D7004693A5 /* ErrorAlertService.swift */,
				74A53E5124EFBD6100D27942 /* LocationErrorService.swift */,
				74A53E5524F005D700D27942 /* ImageDownloader.swift */,
				745D592824F5A6CF00B75C46 /* DownloadService.swift */,
				74B2FD7D24FD2D64005BA215 /* CoreDataManager.swift */,
				741918CF250F3029002C09BA /* TimeOfDay.swift */,
				741918D1250FA16F002C09BA /* DateService.swift */,
			);
			path = Services;
			sourceTree = "<group>";
		};
		7457BB6B24ED4F62004693A5 /* Model */ = {
			isa = PBXGroup;
			children = (
				74B2FD7F24FD2DF6005BA215 /* ManagedObjects */,
				7457BB6C24ED4FA2004693A5 /* WeekForecast.swift */,
			);
			path = Model;
			sourceTree = "<group>";
		};
		74A53E4A24EEAC5000D27942 /* Constants */ = {
			isa = PBXGroup;
			children = (
				74A53E4B24EEAC7F00D27942 /* LocalizedStrings.swift */,
				74A53E4D24EEAFF800D27942 /* AppConstants.swift */,
				74653DBC251B807E00550A1C /* ColorSchemes.swift */,
			);
			path = Constants;
			sourceTree = "<group>";
		};
		74B2FD7F24FD2DF6005BA215 /* ManagedObjects */ = {
			isa = PBXGroup;
			children = (
				74B2FD8024FD2EC6005BA215 /* DayForecastMO+CoreDataClass.swift */,
				74B2FD8224FD2F06005BA215 /* DayForecastMO+CoreDataProperties.swift */,
				74B2FD8424FD2F81005BA215 /* TempMO+CoreDataClass.swift */,
				74B2FD8624FD2FA8005BA215 /* TempMO+CoreDataProperties.swift */,
				74B2FD8824FD3008005BA215 /* WeatherMO+CoreDataClass.swift */,
				74B2FD8A24FD302F005BA215 /* WeatherMO+CoreDataProperties.swift */,
			);
			path = ManagedObjects;
			sourceTree = "<group>";
		};
		74B2FDB725013534005BA215 /* WeatherVC */ = {
			isa = PBXGroup;
			children = (
				74B2FDB8250135A8005BA215 /* WeatherViewController.swift */,
				744F49F52502242400B051D6 /* WeatherViewController.storyboard */,
			);
			path = WeatherVC;
			sourceTree = "<group>";
		};
/* End PBXGroup section */

/* Begin PBXNativeTarget section */
		7457BB4324EC52D3004693A5 /* WeekWeather */ = {
			isa = PBXNativeTarget;
			buildConfigurationList = 7457BB5824EC52D6004693A5 /* Build configuration list for PBXNativeTarget "WeekWeather" */;
			buildPhases = (
				7457BB4024EC52D3004693A5 /* Sources */,
				7457BB4124EC52D3004693A5 /* Frameworks */,
				7457BB4224EC52D3004693A5 /* Resources */,
			);
			buildRules = (
			);
			dependencies = (
			);
			name = WeekWeather;
			productName = WeekWeather;
			productReference = 7457BB4424EC52D3004693A5 /* WeekWeather.app */;
			productType = "com.apple.product-type.application";
		};
/* End PBXNativeTarget section */

/* Begin PBXProject section */
		7457BB3C24EC52D3004693A5 /* Project object */ = {
			isa = PBXProject;
			attributes = {
				LastSwiftUpdateCheck = 1130;
				LastUpgradeCheck = 1130;
				ORGANIZATIONNAME = Egor;
				TargetAttributes = {
					7457BB4324EC52D3004693A5 = {
						CreatedOnToolsVersion = 11.3.1;
					};
				};
			};
			buildConfigurationList = 7457BB3F24EC52D3004693A5 /* Build configuration list for PBXProject "WeekWeather" */;
			compatibilityVersion = "Xcode 9.3";
			developmentRegion = en;
			hasScannedForEncodings = 0;
			knownRegions = (
				en,
				Base,
				ru,
				de,
			);
			mainGroup = 7457BB3B24EC52D3004693A5;
			productRefGroup = 7457BB4524EC52D3004693A5 /* Products */;
			projectDirPath = "";
			projectRoot = "";
			targets = (
				7457BB4324EC52D3004693A5 /* WeekWeather */,
			);
		};
/* End PBXProject section */

/* Begin PBXResourcesBuildPhase section */
		7457BB4224EC52D3004693A5 /* Resources */ = {
			isa = PBXResourcesBuildPhase;
			buildActionMask = 2147483647;
			files = (
				74383C6F24F0289B00F29908 /* Localizable.strings in Resources */,
				7457BB5424EC52D6004693A5 /* LaunchScreen.storyboard in Resources */,
				7457BB5124EC52D6004693A5 /* Assets.xcassets in Resources */,
				745D592D24F675C700B75C46 /* Localizable.strings in Resources */,
				744F49F62502242400B051D6 /* WeatherViewController.storyboard in Resources */,
				745D592724F5531C00B75C46 /* NewDayCell.xib in Resources */,
				745D593324F6D76A00B75C46 /* Localizable.strings in Resources */,
				7457BB5E24EC5596004693A5 /* DayCell.xib in Resources */,
				7457BB4F24EC52D3004693A5 /* DayList.storyboard in Resources */,
			);
			runOnlyForDeploymentPostprocessing = 0;
		};
/* End PBXResourcesBuildPhase section */

/* Begin PBXSourcesBuildPhase section */
		7457BB4024EC52D3004693A5 /* Sources */ = {
			isa = PBXSourcesBuildPhase;
			buildActionMask = 2147483647;
			files = (
				7457BB6424ED3CE1004693A5 /* NetworkService.swift in Sources */,
				74A53E5624F005D800D27942 /* ImageDownloader.swift in Sources */,
				744F49F42502232100B051D6 /* Constraints.swift in Sources */,
				74B2FD8E24FD30B6005BA215 /* WeekWeather.xcdatamodeld in Sources */,
				744F4A18250B510000B051D6 /* IBExtension.swift in Sources */,
				74A53E5224EFBD6100D27942 /* LocationErrorService.swift in Sources */,
				7457BB6624ED3D41004693A5 /* NetworkServiceError.swift in Sources */,
				7457BB4C24EC52D3004693A5 /* DayList.swift in Sources */,
				745D592924F5A6CF00B75C46 /* DownloadService.swift in Sources */,
				741918D0250F3029002C09BA /* TimeOfDay.swift in Sources */,
				7457BB4824EC52D3004693A5 /* AppDelegate.swift in Sources */,
				7457BB5D24EC5596004693A5 /* DayCell.swift in Sources */,
				74B2FD8924FD3008005BA215 /* WeatherMO+CoreDataClass.swift in Sources */,
				7457BB6A24ED42D7004693A5 /* ErrorAlertService.swift in Sources */,
				7457BB6D24ED4FA2004693A5 /* WeekForecast.swift in Sources */,
				7457BB6824ED428E004693A5 /* DecodeService.swift in Sources */,
				74B2FD8B24FD302F005BA215 /* WeatherMO+CoreDataProperties.swift in Sources */,
				74653DBD251B807E00550A1C /* ColorSchemes.swift in Sources */,
				74B2FD8724FD2FA8005BA215 /* TempMO+CoreDataProperties.swift in Sources */,
				7457BB6F24ED5C00004693A5 /* WeekForecastService.swift in Sources */,
				741918D2250FA16F002C09BA /* DateService.swift in Sources */,
				74A53E4C24EEAC7F00D27942 /* LocalizedStrings.swift in Sources */,
				7457BB4A24EC52D3004693A5 /* SceneDelegate.swift in Sources */,
				74B2FD8524FD2F81005BA215 /* TempMO+CoreDataClass.swift in Sources */,
				74B2FDB9250135A8005BA215 /* WeatherViewController.swift in Sources */,
				74B2FD7E24FD2D64005BA215 /* CoreDataManager.swift in Sources */,
				74A53E4E24EEAFF800D27942 /* AppConstants.swift in Sources */,
				74B2FD8124FD2EC6005BA215 /* DayForecastMO+CoreDataClass.swift in Sources */,
				74B2FD8324FD2F06005BA215 /* DayForecastMO+CoreDataProperties.swift in Sources */,
			);
			runOnlyForDeploymentPostprocessing = 0;
		};
/* End PBXSourcesBuildPhase section */

/* Begin PBXVariantGroup section */
		74383C7124F0289B00F29908 /* Localizable.strings */ = {
			isa = PBXVariantGroup;
			children = (
				745D592A24F6750B00B75C46 /* en */,
			);
			name = Localizable.strings;
			sourceTree = "<group>";
		};
		7457BB4D24EC52D3004693A5 /* DayList.storyboard */ = {
			isa = PBXVariantGroup;
			children = (
				7457BB4E24EC52D3004693A5 /* Base */,
				74383C6C24F0281000F29908 /* ru */,
				745D593024F6D73F00B75C46 /* de */,
			);
			name = DayList.storyboard;
			sourceTree = "<group>";
		};
		7457BB5224EC52D6004693A5 /* LaunchScreen.storyboard */ = {
			isa = PBXVariantGroup;
			children = (
				7457BB5324EC52D6004693A5 /* Base */,
			);
			name = LaunchScreen.storyboard;
			sourceTree = "<group>";
		};
		745D592F24F675C700B75C46 /* Localizable.strings */ = {
			isa = PBXVariantGroup;
			children = (
				745D592E24F675C700B75C46 /* ru */,
			);
			name = Localizable.strings;
			sourceTree = "<group>";
		};
		745D593524F6D76A00B75C46 /* Localizable.strings */ = {
			isa = PBXVariantGroup;
			children = (
				745D593424F6D76A00B75C46 /* de */,
			);
			name = Localizable.strings;
			sourceTree = "<group>";
		};
/* End PBXVariantGroup section */

/* Begin XCBuildConfiguration section */
		7457BB5624EC52D6004693A5 /* Debug */ = {
			isa = XCBuildConfiguration;
			buildSettings = {
				ALWAYS_SEARCH_USER_PATHS = NO;
				CLANG_ANALYZER_LOCALIZABILITY_NONLOCALIZED = YES;
				CLANG_ANALYZER_NONNULL = YES;
				CLANG_ANALYZER_NUMBER_OBJECT_CONVERSION = YES_AGGRESSIVE;
				CLANG_CXX_LANGUAGE_STANDARD = "gnu++14";
				CLANG_CXX_LIBRARY = "libc++";
				CLANG_ENABLE_MODULES = YES;
				CLANG_ENABLE_OBJC_ARC = YES;
				CLANG_ENABLE_OBJC_WEAK = YES;
				CLANG_WARN_BLOCK_CAPTURE_AUTORELEASING = YES;
				CLANG_WARN_BOOL_CONVERSION = YES;
				CLANG_WARN_COMMA = YES;
				CLANG_WARN_CONSTANT_CONVERSION = YES;
				CLANG_WARN_DEPRECATED_OBJC_IMPLEMENTATIONS = YES;
				CLANG_WARN_DIRECT_OBJC_ISA_USAGE = YES_ERROR;
				CLANG_WARN_DOCUMENTATION_COMMENTS = YES;
				CLANG_WARN_EMPTY_BODY = YES;
				CLANG_WARN_ENUM_CONVERSION = YES;
				CLANG_WARN_INFINITE_RECURSION = YES;
				CLANG_WARN_INT_CONVERSION = YES;
				CLANG_WARN_NON_LITERAL_NULL_CONVERSION = YES;
				CLANG_WARN_OBJC_IMPLICIT_RETAIN_SELF = YES;
				CLANG_WARN_OBJC_LITERAL_CONVERSION = YES;
				CLANG_WARN_OBJC_ROOT_CLASS = YES_ERROR;
				CLANG_WARN_RANGE_LOOP_ANALYSIS = YES;
				CLANG_WARN_STRICT_PROTOTYPES = YES;
				CLANG_WARN_SUSPICIOUS_MOVE = YES;
				CLANG_WARN_UNGUARDED_AVAILABILITY = YES_AGGRESSIVE;
				CLANG_WARN_UNREACHABLE_CODE = YES;
				CLANG_WARN__DUPLICATE_METHOD_MATCH = YES;
				COPY_PHASE_STRIP = NO;
				DEBUG_INFORMATION_FORMAT = dwarf;
				ENABLE_STRICT_OBJC_MSGSEND = YES;
				ENABLE_TESTABILITY = YES;
				GCC_C_LANGUAGE_STANDARD = gnu11;
				GCC_DYNAMIC_NO_PIC = NO;
				GCC_NO_COMMON_BLOCKS = YES;
				GCC_OPTIMIZATION_LEVEL = 0;
				GCC_PREPROCESSOR_DEFINITIONS = (
					"DEBUG=1",
					"$(inherited)",
				);
				GCC_WARN_64_TO_32_BIT_CONVERSION = YES;
				GCC_WARN_ABOUT_RETURN_TYPE = YES_ERROR;
				GCC_WARN_UNDECLARED_SELECTOR = YES;
				GCC_WARN_UNINITIALIZED_AUTOS = YES_AGGRESSIVE;
				GCC_WARN_UNUSED_FUNCTION = YES;
				GCC_WARN_UNUSED_VARIABLE = YES;
				IPHONEOS_DEPLOYMENT_TARGET = 13.2;
				MTL_ENABLE_DEBUG_INFO = INCLUDE_SOURCE;
				MTL_FAST_MATH = YES;
				ONLY_ACTIVE_ARCH = YES;
				SDKROOT = iphoneos;
				SWIFT_ACTIVE_COMPILATION_CONDITIONS = DEBUG;
				SWIFT_OPTIMIZATION_LEVEL = "-Onone";
			};
			name = Debug;
		};
		7457BB5724EC52D6004693A5 /* Release */ = {
			isa = XCBuildConfiguration;
			buildSettings = {
				ALWAYS_SEARCH_USER_PATHS = NO;
				CLANG_ANALYZER_LOCALIZABILITY_NONLOCALIZED = YES;
				CLANG_ANALYZER_NONNULL = YES;
				CLANG_ANALYZER_NUMBER_OBJECT_CONVERSION = YES_AGGRESSIVE;
				CLANG_CXX_LANGUAGE_STANDARD = "gnu++14";
				CLANG_CXX_LIBRARY = "libc++";
				CLANG_ENABLE_MODULES = YES;
				CLANG_ENABLE_OBJC_ARC = YES;
				CLANG_ENABLE_OBJC_WEAK = YES;
				CLANG_WARN_BLOCK_CAPTURE_AUTORELEASING = YES;
				CLANG_WARN_BOOL_CONVERSION = YES;
				CLANG_WARN_COMMA = YES;
				CLANG_WARN_CONSTANT_CONVERSION = YES;
				CLANG_WARN_DEPRECATED_OBJC_IMPLEMENTATIONS = YES;
				CLANG_WARN_DIRECT_OBJC_ISA_USAGE = YES_ERROR;
				CLANG_WARN_DOCUMENTATION_COMMENTS = YES;
				CLANG_WARN_EMPTY_BODY = YES;
				CLANG_WARN_ENUM_CONVERSION = YES;
				CLANG_WARN_INFINITE_RECURSION = YES;
				CLANG_WARN_INT_CONVERSION = YES;
				CLANG_WARN_NON_LITERAL_NULL_CONVERSION = YES;
				CLANG_WARN_OBJC_IMPLICIT_RETAIN_SELF = YES;
				CLANG_WARN_OBJC_LITERAL_CONVERSION = YES;
				CLANG_WARN_OBJC_ROOT_CLASS = YES_ERROR;
				CLANG_WARN_RANGE_LOOP_ANALYSIS = YES;
				CLANG_WARN_STRICT_PROTOTYPES = YES;
				CLANG_WARN_SUSPICIOUS_MOVE = YES;
				CLANG_WARN_UNGUARDED_AVAILABILITY = YES_AGGRESSIVE;
				CLANG_WARN_UNREACHABLE_CODE = YES;
				CLANG_WARN__DUPLICATE_METHOD_MATCH = YES;
				COPY_PHASE_STRIP = NO;
				DEBUG_INFORMATION_FORMAT = "dwarf-with-dsym";
				ENABLE_NS_ASSERTIONS = NO;
				ENABLE_STRICT_OBJC_MSGSEND = YES;
				GCC_C_LANGUAGE_STANDARD = gnu11;
				GCC_NO_COMMON_BLOCKS = YES;
				GCC_WARN_64_TO_32_BIT_CONVERSION = YES;
				GCC_WARN_ABOUT_RETURN_TYPE = YES_ERROR;
				GCC_WARN_UNDECLARED_SELECTOR = YES;
				GCC_WARN_UNINITIALIZED_AUTOS = YES_AGGRESSIVE;
				GCC_WARN_UNUSED_FUNCTION = YES;
				GCC_WARN_UNUSED_VARIABLE = YES;
				IPHONEOS_DEPLOYMENT_TARGET = 13.2;
				MTL_ENABLE_DEBUG_INFO = NO;
				MTL_FAST_MATH = YES;
				SDKROOT = iphoneos;
				SWIFT_COMPILATION_MODE = wholemodule;
				SWIFT_OPTIMIZATION_LEVEL = "-O";
				VALIDATE_PRODUCT = YES;
			};
			name = Release;
		};
		7457BB5924EC52D6004693A5 /* Debug */ = {
			isa = XCBuildConfiguration;
			buildSettings = {
				ASSETCATALOG_COMPILER_APPICON_NAME = AppIcon;
				CODE_SIGN_STYLE = Automatic;
				DEVELOPMENT_TEAM = NX67BD27T2;
				INFOPLIST_FILE = WeekWeather/Info.plist;
				LD_RUNPATH_SEARCH_PATHS = (
					"$(inherited)",
					"@executable_path/Frameworks",
				);
				PRODUCT_BUNDLE_IDENTIFIER = hmaraegor.WeekWeather;
				PRODUCT_NAME = "$(TARGET_NAME)";
				SWIFT_VERSION = 5.0;
				TARGETED_DEVICE_FAMILY = "1,2";
			};
			name = Debug;
		};
		7457BB5A24EC52D6004693A5 /* Release */ = {
			isa = XCBuildConfiguration;
			buildSettings = {
				ASSETCATALOG_COMPILER_APPICON_NAME = AppIcon;
				CODE_SIGN_STYLE = Automatic;
				DEVELOPMENT_TEAM = NX67BD27T2;
				INFOPLIST_FILE = WeekWeather/Info.plist;
				LD_RUNPATH_SEARCH_PATHS = (
					"$(inherited)",
					"@executable_path/Frameworks",
				);
				PRODUCT_BUNDLE_IDENTIFIER = hmaraegor.WeekWeather;
				PRODUCT_NAME = "$(TARGET_NAME)";
				SWIFT_VERSION = 5.0;
				TARGETED_DEVICE_FAMILY = "1,2";
			};
			name = Release;
		};
/* End XCBuildConfiguration section */

/* Begin XCConfigurationList section */
		7457BB3F24EC52D3004693A5 /* Build configuration list for PBXProject "WeekWeather" */ = {
			isa = XCConfigurationList;
			buildConfigurations = (
				7457BB5624EC52D6004693A5 /* Debug */,
				7457BB5724EC52D6004693A5 /* Release */,
			);
			defaultConfigurationIsVisible = 0;
			defaultConfigurationName = Release;
		};
		7457BB5824EC52D6004693A5 /* Build configuration list for PBXNativeTarget "WeekWeather" */ = {
			isa = XCConfigurationList;
			buildConfigurations = (
				7457BB5924EC52D6004693A5 /* Debug */,
				7457BB5A24EC52D6004693A5 /* Release */,
			);
			defaultConfigurationIsVisible = 0;
			defaultConfigurationName = Release;
		};
/* End XCConfigurationList section */

/* Begin XCVersionGroup section */
		74B2FD8C24FD30B6005BA215 /* WeekWeather.xcdatamodeld */ = {
			isa = XCVersionGroup;
			children = (
				74B2FD8D24FD30B6005BA215 /* WeekWeather.xcdatamodel */,
			);
			currentVersion = 74B2FD8D24FD30B6005BA215 /* WeekWeather.xcdatamodel */;
			path = WeekWeather.xcdatamodeld;
			sourceTree = "<group>";
			versionGroupType = wrapper.xcdatamodel;
		};
/* End XCVersionGroup section */
	};
	rootObject = 7457BB3C24EC52D3004693A5 /* Project object */;
}
